// !$*UTF8*$!
{
	archiveVersion = 1;
	classes = {
	};
	objectVersion = 46;
	objects = {

/* Begin PBXBuildFile section */
		6C09FC5A1F29B014003A61D0 /* AppDelegate.swift in Sources */ = {isa = PBXBuildFile; fileRef = 6C09FC591F29B014003A61D0 /* AppDelegate.swift */; };
		6C09FC5C1F29B014003A61D0 /* ViewController.swift in Sources */ = {isa = PBXBuildFile; fileRef = 6C09FC5B1F29B014003A61D0 /* ViewController.swift */; };
		6C09FC5E1F29B015003A61D0 /* Assets.xcassets in Resources */ = {isa = PBXBuildFile; fileRef = 6C09FC5D1F29B015003A61D0 /* Assets.xcassets */; };
		6C09FC611F29B015003A61D0 /* Main.storyboard in Resources */ = {isa = PBXBuildFile; fileRef = 6C09FC5F1F29B015003A61D0 /* Main.storyboard */; };
		6C09FC691F29B127003A61D0 /* WindowController.swift in Sources */ = {isa = PBXBuildFile; fileRef = 6C09FC681F29B127003A61D0 /* WindowController.swift */; };
/* End PBXBuildFile section */

/* Begin PBXFileReference section */
		6C09FC561F29B014003A61D0 /* TouchBarStartupButton.app */ = {isa = PBXFileReference; explicitFileType = wrapper.application; includeInIndex = 0; path = TouchBarStartupButton.app; sourceTree = BUILT_PRODUCTS_DIR; };
		6C09FC591F29B014003A61D0 /* AppDelegate.swift */ = {isa = PBXFileReference; lastKnownFileType = sourcecode.swift; path = AppDelegate.swift; sourceTree = "<group>"; };
		6C09FC5B1F29B014003A61D0 /* ViewController.swift */ = {isa = PBXFileReference; lastKnownFileType = sourcecode.swift; path = ViewController.swift; sourceTree = "<group>"; };
		6C09FC5D1F29B015003A61D0 /* Assets.xcassets */ = {isa = PBXFileReference; lastKnownFileType = folder.assetcatalog; path = Assets.xcassets; sourceTree = "<group>"; };
		6C09FC601F29B015003A61D0 /* Base */ = {isa = PBXFileReference; lastKnownFileType = file.storyboard; name = Base; path = Base.lproj/Main.storyboard; sourceTree = "<group>"; };
		6C09FC621F29B015003A61D0 /* Info.plist */ = {isa = PBXFileReference; lastKnownFileType = text.plist.xml; path = Info.plist; sourceTree = "<group>"; };
		6C09FC681F29B127003A61D0 /* WindowController.swift */ = {isa = PBXFileReference; fileEncoding = 4; lastKnownFileType = sourcecode.swift; path = WindowController.swift; sourceTree = "<group>"; };
/* End PBXFileReference section */

/* Begin PBXFrameworksBuildPhase section */
		6C09FC531F29B014003A61D0 /* Frameworks */ = {
			isa = PBXFrameworksBuildPhase;
			buildActionMask = 2147483647;
			files = (
			);
			runOnlyForDeploymentPostprocessing = 0;
		};
/* End PBXFrameworksBuildPhase section */

/* Begin PBXGroup section */
		6C09FC4D1F29B014003A61D0 = {
			isa = PBXGroup;
			children = (
				6C09FC581F29B014003A61D0 /* TouchBarStartupButton */,
				6C09FC571F29B014003A61D0 /* Products */,
			);
			sourceTree = "<group>";
		};
		6C09FC571F29B014003A61D0 /* Products */ = {
			isa = PBXGroup;
			children = (
				6C09FC561F29B014003A61D0 /* TouchBarStartupButton.app */,
			);
			name = Products;
			sourceTree = "<group>";
		};
		6C09FC581F29B014003A61D0 /* TouchBarStartupButton */ = {
			isa = PBXGroup;
			children = (
				6C09FC591F29B014003A61D0 /* AppDelegate.swift */,
				6C09FC5B1F29B014003A61D0 /* ViewController.swift */,
				6C09FC5D1F29B015003A61D0 /* Assets.xcassets */,
				6C09FC5F1F29B015003A61D0 /* Main.storyboard */,
				6C09FC621F29B015003A61D0 /* Info.plist */,
				6C09FC681F29B127003A61D0 /* WindowController.swift */,
			);
			path = TouchBarStartupButton;
			sourceTree = "<group>";
		};
/* End PBXGroup section */

/* Begin PBXNativeTarget section */
		6C09FC551F29B014003A61D0 /* TouchBarStartupButton */ = {
			isa = PBXNativeTarget;
			buildConfigurationList = 6C09FC651F29B015003A61D0 /* Build configuration list for PBXNativeTarget "TouchBarStartupButton" */;
			buildPhases = (
				6C09FC521F29B014003A61D0 /* Sources */,
				6C09FC531F29B014003A61D0 /* Frameworks */,
				6C09FC541F29B014003A61D0 /* Resources */,
			);
			buildRules = (
			);
			dependencies = (
			);
			name = TouchBarStartupButton;
			productName = TouchBarStartupButton;
			productReference = 6C09FC561F29B014003A61D0 /* TouchBarStartupButton.app */;
			productType = "com.apple.product-type.application";
		};
/* End PBXNativeTarget section */

/* Begin PBXProject section */
		6C09FC4E1F29B014003A61D0 /* Project object */ = {
			isa = PBXProject;
			attributes = {
				LastSwiftUpdateCheck = 0830;
				LastUpgradeCheck = 0830;
				ORGANIZATIONNAME = "Michelle Zhou";
				TargetAttributes = {
					6C09FC551F29B014003A61D0 = {
						CreatedOnToolsVersion = 8.3.3;
						ProvisioningStyle = Automatic;
					};
				};
			};
			buildConfigurationList = 6C09FC511F29B014003A61D0 /* Build configuration list for PBXProject "TouchBarStartupButton" */;
			compatibilityVersion = "Xcode 3.2";
			developmentRegion = English;
			hasScannedForEncodings = 0;
			knownRegions = (
				en,
				Base,
			);
			mainGroup = 6C09FC4D1F29B014003A61D0;
			productRefGroup = 6C09FC571F29B014003A61D0 /* Products */;
			projectDirPath = "";
			projectRoot = "";
			targets = (
				6C09FC551F29B014003A61D0 /* TouchBarStartupButton */,
			);
		};
/* End PBXProject section */

/* Begin PBXResourcesBuildPhase section */
		6C09FC541F29B014003A61D0 /* Resources */ = {
			isa = PBXResourcesBuildPhase;
			buildActionMask = 2147483647;
			files = (
				6C09FC5E1F29B015003A61D0 /* Assets.xcassets in Resources */,
				6C09FC611F29B015003A61D0 /* Main.storyboard in Resources */,
			);
			runOnlyForDeploymentPostprocessing = 0;
		};
/* End PBXResourcesBuildPhase section */

/* Begin PBXSourcesBuildPhase section */
		6C09FC521F29B014003A61D0 /* Sources */ = {
			isa = PBXSourcesBuildPhase;
			buildActionMask = 2147483647;
			files = (
				6C09FC5C1F29B014003A61D0 /* ViewController.swift in Sources */,
				6C09FC691F29B127003A61D0 /* WindowController.swift in Sources */,
				6C09FC5A1F29B014003A61D0 /* AppDelegate.swift in Sources */,
			);
			runOnlyForDeploymentPostprocessing = 0;
		};
/* End PBXSourcesBuildPhase section */

/* Begin PBXVariantGroup section */
		6C09FC5F1F29B015003A61D0 /* Main.storyboard */ = {
			isa = PBXVariantGroup;
			children = (
				6C09FC601F29B015003A61D0 /* Base */,
			);
			name = Main.storyboard;
			sourceTree = "<group>";
		};
/* End PBXVariantGroup section */

/* Begin XCBuildConfiguration section */
		6C09FC631F29B015003A61D0 /* Debug */ = {
			isa = XCBuildConfiguration;
			buildSettings = {
				ALWAYS_SEARCH_USER_PATHS = NO;
				CLANG_ANALYZER_NONNULL = YES;
				CLANG_ANALYZER_NUMBER_OBJECT_CONVERSION = YES_AGGRESSIVE;
				CLANG_CXX_LANGUAGE_STANDARD = "gnu++0x";
				CLANG_CXX_LIBRARY = "libc++";
				CLANG_ENABLE_MODULES = YES;
				CLANG_ENABLE_OBJC_ARC = YES;
				CLANG_WARN_BOOL_CONVERSION = YES;
				CLANG_WARN_CONSTANT_CONVERSION = YES;
				CLANG_WARN_DIRECT_OBJC_ISA_USAGE = YES_ERROR;
				CLANG_WARN_DOCUMENTATION_COMMENTS = YES;
				CLANG_WARN_EMPTY_BODY = YES;
				CLANG_WARN_ENUM_CONVERSION = YES;
				CLANG_WARN_INFINITE_RECURSION = YES;
				CLANG_WARN_INT_CONVERSION = YES;
				CLANG_WARN_OBJC_ROOT_CLASS = YES_ERROR;
				CLANG_WARN_SUSPICIOUS_MOVE = YES;
				CLANG_WARN_UNREACHABLE_CODE = YES;
				CLANG_WARN__DUPLICATE_METHOD_MATCH = YES;
				CODE_SIGN_IDENTITY = "-";
				COPY_PHASE_STRIP = NO;
				DEBUG_INFORMATION_FORMAT = dwarf;
				ENABLE_STRICT_OBJC_MSGSEND = YES;
				ENABLE_TESTABILITY = YES;
				GCC_C_LANGUAGE_STANDARD = gnu99;
				GCC_DYNAMIC_NO_PIC = NO;
				GCC_NO_COMMON_BLOCKS = YES;
				GCC_OPTIMIZATION_LEVEL = 0;
				GCC_PREPROCESSOR_DEFINITIONS = (
					"DEBUG=1",
					"$(inherited)",
				);
				GCC_WARN_64_TO_32_BIT_CONVERSION = YES;
				GCC_WARN_ABOUT_RETURN_TYPE = YES_ERROR;
				GCC_WARN_UNDECLARED_SELECTOR = YES;
				GCC_WARN_UNINITIALIZED_AUTOS = YES_AGGRESSIVE;
				GCC_WARN_UNUSED_FUNCTION = YES;
				GCC_WARN_UNUSED_VARIABLE = YES;
				MACOSX_DEPLOYMENT_TARGET = 10.12;
				MTL_ENABLE_DEBUG_INFO = YES;
				ONLY_ACTIVE_ARCH = YES;
				SDKROOT = macosx;
				SWIFT_ACTIVE_COMPILATION_CONDITIONS = DEBUG;
				SWIFT_OPTIMIZATION_LEVEL = "-Onone";
			};
			name = Debug;
		};
		6C09FC641F29B015003A61D0 /* Release */ = {
			isa = XCBuildConfiguration;
			buildSettings = {
				ALWAYS_SEARCH_USER_PATHS = NO;
				CLANG_ANALYZER_NONNULL = YES;
				CLANG_ANALYZER_NUMBER_OBJECT_CONVERSION = YES_AGGRESSIVE;
				CLANG_CXX_LANGUAGE_STANDARD = "gnu++0x";
				CLANG_CXX_LIBRARY = "libc++";
				CLANG_ENABLE_MODULES = YES;
				CLANG_ENABLE_OBJC_ARC = YES;
				CLANG_WARN_BOOL_CONVERSION = YES;
				CLANG_WARN_CONSTANT_CONVERSION = YES;
				CLANG_WARN_DIRECT_OBJC_ISA_USAGE = YES_ERROR;
				CLANG_WARN_DOCUMENTATION_COMMENTS = YES;
				CLANG_WARN_EMPTY_BODY = YES;
				CLANG_WARN_ENUM_CONVERSION = YES;
				CLANG_WARN_INFINITE_RECURSION = YES;
				CLANG_WARN_INT_CONVERSION = YES;
				CLANG_WARN_OBJC_ROOT_CLASS = YES_ERROR;
				CLANG_WARN_SUSPICIOUS_MOVE = YES;
				CLANG_WARN_UNREACHABLE_CODE = YES;
				CLANG_WARN__DUPLICATE_METHOD_MATCH = YES;
				CODE_SIGN_IDENTITY = "-";
				COPY_PHASE_STRIP = NO;
				DEBUG_INFORMATION_FORMAT = "dwarf-with-dsym";
				ENABLE_NS_ASSERTIONS = NO;
				ENABLE_STRICT_OBJC_MSGSEND = YES;
				GCC_C_LANGUAGE_STANDARD = gnu99;
				GCC_NO_COMMON_BLOCKS = YES;
				GCC_WARN_64_TO_32_BIT_CONVERSION = YES;
				GCC_WARN_ABOUT_RETURN_TYPE = YES_ERROR;
				GCC_WARN_UNDECLARED_SELECTOR = YES;
				GCC_WARN_UNINITIALIZED_AUTOS = YES_AGGRESSIVE;
				GCC_WARN_UNUSED_FUNCTION = YES;
				GCC_WARN_UNUSED_VARIABLE = YES;
				MACOSX_DEPLOYMENT_TARGET = 10.12;
				MTL_ENABLE_DEBUG_INFO = NO;
				SDKROOT = macosx;
				SWIFT_OPTIMIZATION_LEVEL = "-Owholemodule";
			};
			name = Release;
		};
		6C09FC661F29B015003A61D0 /* Debug */ = {
			isa = XCBuildConfiguration;
			buildSettings = {
				ASSETCATALOG_COMPILER_APPICON_NAME = AppIcon;
				COMBINE_HIDPI_IMAGES = YES;
				INFOPLIST_FILE = TouchBarStartupButton/Info.plist;
				LD_RUNPATH_SEARCH_PATHS = "$(inherited) @executable_path/../Frameworks";
				PRODUCT_BUNDLE_IDENTIFIER = "Michelle-Zhou.TouchBarStartupButton";
				PRODUCT_NAME = "$(TARGET_NAME)";
				SWIFT_VERSION = 3.0;
			};
			name = Debug;
		};
		6C09FC671F29B015003A61D0 /* Release */ = {
			isa = XCBuildConfiguration;
			buildSettings = {
				ASSETCATALOG_COMPILER_APPICON_NAME = AppIcon;
				COMBINE_HIDPI_IMAGES = YES;
				INFOPLIST_FILE = TouchBarStartupButton/Info.plist;
				LD_RUNPATH_SEARCH_PATHS = "$(inherited) @executable_path/../Frameworks";
				PRODUCT_BUNDLE_IDENTIFIER = "Michelle-Zhou.TouchBarStartupButton";
				PRODUCT_NAME = "$(TARGET_NAME)";
				SWIFT_VERSION = 3.0;
			};
			name = Release;
		};
/* End XCBuildConfiguration section */

/* Begin XCConfigurationList section */
		6C09FC511F29B014003A61D0 /* Build configuration list for PBXProject "TouchBarStartupButton" */ = {
			isa = XCConfigurationList;
			buildConfigurations = (
				6C09FC631F29B015003A61D0 /* Debug */,
				6C09FC641F29B015003A61D0 /* Release */,
			);
			defaultConfigurationIsVisible = 0;
			defaultConfigurationName = Release;
		};
		6C09FC651F29B015003A61D0 /* Build configuration list for PBXNativeTarget "TouchBarStartupButton" */ = {
			isa = XCConfigurationList;
			buildConfigurations = (
				6C09FC661F29B015003A61D0 /* Debug */,
				6C09FC671F29B015003A61D0 /* Release */,
			);
			defaultConfigurationIsVisible = 0;
		};
/* End XCConfigurationList section */
	};
	rootObject = 6C09FC4E1F29B014003A61D0 /* Project object */;
}
